
Microsoft Visual Studio Solution File, Format Version 12.00
# Visual Studio Version 17
VisualStudioVersion = 17.4.33110.190
MinimumVisualStudioVersion = 10.0.40219.1
Project("{FAE04EC0-301F-11D3-BF4B-00C04F79EFBC}") = "DizilerOrnekUygulamalar", "DizilerOrnekUygulamalar\DizilerOrnekUygulamalar.csproj", "{0F81D1B8-86B1-4A44-BBFC-88146E872F10}"
EndProject
Global
	GlobalSection(SolutionConfigurationPlatforms) = preSolution
		Debug|Any CPU = Debug|Any CPU
		Release|Any CPU = Release|Any CPU
	EndGlobalSection
	GlobalSection(ProjectConfigurationPlatforms) = postSolution
		{0F81D1B8-86B1-4A44-BBFC-88146E872F10}.Debug|Any CPU.ActiveCfg = Debug|Any CPU
		{0F81D1B8-86B1-4A44-BBFC-88146E872F10}.Debug|Any CPU.Build.0 = Debug|Any CPU
		{0F81D1B8-86B1-4A44-BBFC-88146E872F10}.Release|Any CPU.ActiveCfg = Release|Any CPU
		{0F81D1B8-86B1-4A44-BBFC-88146E872F10}.Release|Any CPU.Build.0 = Release|Any CPU
	EndGlobalSection
	GlobalSection(SolutionProperties) = preSolution
		HideSolutionNode = FALSE
	EndGlobalSection
	GlobalSection(ExtensibilityGlobals) = postSolution
		SolutionGuid = {8D9C445A-25B4-4682-861F-293215DF73BF}
	EndGlobalSection
EndGlobal
